# THIS IS AN AUTOGENERATED FILE. DO NOT EDIT THIS FILE DIRECTLY.
# yarn lockfile v1


"@supabase/auth-js@2.84.0":
  version "2.84.0"
  resolved "https://registry.yarnpkg.com/@supabase/auth-js/-/auth-js-2.84.0.tgz#e5169b21a5ad84787d5aeff8f15cbd2ec26ec186"
  integrity sha512-J6XKbqqg1HQPMfYkAT9BrC8anPpAiifl7qoVLsYhQq5B/dnu/lxab1pabnxtJEsvYG5rwI5HEVEGXMjoQ6Wz2Q==
  dependencies:
    tslib "2.8.1"

"@supabase/functions-js@2.84.0":
  version "2.84.0"
  resolved "https://registry.yarnpkg.com/@supabase/functions-js/-/functions-js-2.84.0.tgz#ba526b4a88990c24dbedf19d12f2050dbb194ad6"
  integrity sha512-2oY5QBV4py/s64zMlhPEz+4RTdlwxzmfhM1k2xftD2v1DruRZKfoe7Yn9DCz1VondxX8evcvpc2udEIGzHI+VA==
  dependencies:
    tslib "2.8.1"

"@supabase/postgrest-js@2.84.0":
  version "2.84.0"
  resolved "https://registry.yarnpkg.com/@supabase/postgrest-js/-/postgrest-js-2.84.0.tgz#1e3841efe1ac7ffe5b91614860072c14a83e359c"
  integrity sha512-oplc/3jfJeVW4F0J8wqywHkjIZvOVHtqzF0RESijepDAv5Dn/LThlGW1ftysoP4+PXVIrnghAbzPHo88fNomPQ==
  dependencies:
    tslib "2.8.1"

"@supabase/realtime-js@2.84.0":
  version "2.84.0"
  resolved "https://registry.yarnpkg.com/@supabase/realtime-js/-/realtime-js-2.84.0.tgz#c272ead503431eac457e913ca1d5c02c9a2e21bf"
  integrity sha512-ThqjxiCwWiZAroHnYPmnNl6tZk6jxGcG2a7Hp/3kcolPcMj89kWjUTA3cHmhdIWYsP84fHp8MAQjYWMLf7HEUg==
  dependencies:
    "@types/phoenix" "^1.6.6"
    "@types/ws" "^8.18.1"
    tslib "2.8.1"
    ws "^8.18.2"

"@supabase/storage-js@2.84.0":
  version "2.84.0"
  resolved "https://registry.yarnpkg.com/@supabase/storage-js/-/storage-js-2.84.0.tgz#676ea69b8f7997482df21bc8da6d0dc85d9d3adf"
  integrity sha512-vXvAJ1euCuhryOhC6j60dG8ky+lk0V06ubNo+CbhuoUv+sl39PyY0lc+k+qpQhTk/VcI6SiM0OECLN83+nyJ5A==
  dependencies:
    tslib "2.8.1"

"@supabase/supabase-js@^2.84.0":
  version "2.84.0"
  resolved "https://registry.yarnpkg.com/@supabase/supabase-js/-/supabase-js-2.84.0.tgz#98256a774364183ba62fbbb3520364cce7a2f3f8"
  integrity sha512-byMqYBvb91sx2jcZsdp0qLpmd4Dioe80e4OU/UexXftCkpTcgrkoENXHf5dO8FCSai8SgNeq16BKg10QiDI6xg==
  dependencies:
    "@supabase/auth-js" "2.84.0"
    "@supabase/functions-js" "2.84.0"
    "@supabase/postgrest-js" "2.84.0"
    "@supabase/realtime-js" "2.84.0"
    "@supabase/storage-js" "2.84.0"

"@types/node@*":
  version "24.10.1"
  resolved "https://registry.yarnpkg.com/@types/node/-/node-24.10.1.tgz#91e92182c93db8bd6224fca031e2370cef9a8f01"
  integrity sha512-GNWcUTRBgIRJD5zj+Tq0fKOJ5XZajIiBroOF0yvj2bSU1WvNdYS/dn9UxwsujGW4JX06dnHyjV2y9rRaybH0iQ==
  dependencies:
    undici-types "~7.16.0"

"@types/phoenix@^1.6.6":
  version "1.6.6"
  resolved "https://registry.yarnpkg.com/@types/phoenix/-/phoenix-1.6.6.tgz#3c1ab53fd5a23634b8e37ea72ccacbf07fbc7816"
  integrity sha512-PIzZZlEppgrpoT2QgbnDU+MMzuR6BbCjllj0bM70lWoejMeNJAxCchxnv7J3XFkI8MpygtRpzXrIlmWUBclP5A==

"@types/ws@^8.18.1":
  version "8.18.1"
  resolved "https://registry.yarnpkg.com/@types/ws/-/ws-8.18.1.tgz#48464e4bf2ddfd17db13d845467f6070ffea4aa9"
  integrity sha512-ThVF6DCVhA8kUGy+aazFQ4kXQ7E1Ty7A3ypFOe0IcJV8O/M511G99AW24irKrW56Wt44yG9+ij8FaqoBGkuBXg==
  dependencies:
    "@types/node" "*"

tslib@2.8.1:
  version "2.8.1"
  resolved "https://registry.yarnpkg.com/tslib/-/tslib-2.8.1.tgz#612efe4ed235d567e8aba5f2a5fab70280ade83f"
  integrity sha512-oJFu94HQb+KVduSUQL7wnpmqnfmLsOA/nAh6b6EH0wCEoK0/mPeXU6c3wKDV83MkOuHPRHtSXKKU99IBazS/2w==

typescript@^5.9.3:
  version "5.9.3"
  resolved "https://registry.yarnpkg.com/typescript/-/typescript-5.9.3.tgz#5b4f59e15310ab17a216f5d6cf53ee476ede670f"
  integrity sha512-jl1vZzPDinLr9eUt3J/t7V6FgNEw9QjvBPdysz9KfQDD41fQrC2Y4vKQdiaUpFT4bXlb1RHhLpp8wtm6M5TgSw==

undici-types@~7.16.0:
  version "7.16.0"
  resolved "https://registry.yarnpkg.com/undici-types/-/undici-types-7.16.0.tgz#ffccdff36aea4884cbfce9a750a0580224f58a46"
  integrity sha512-Zz+aZWSj8LE6zoxD+xrjh4VfkIG8Ya6LvYkZqtUQGJPZjYl53ypCaUwWqo7eI0x66KBGeRo+mlBEkMSeSZ38Nw==

ws@^8.18.2:
  version "8.18.3"
  resolved "https://registry.yarnpkg.com/ws/-/ws-8.18.3.tgz#b56b88abffde62791c639170400c93dcb0c95472"
  integrity sha512-PEIGCY5tSlUt50cqyMXfCzX+oOPqN0vuGqWzbcJ2xvnkzkq46oOpz7dQaTDBdfICb4N14+GARUDw2XV2N4tvzg==
